
Microsoft Visual Studio Solution File, Format Version 12.00
# Visual Studio Version 16
VisualStudioVersion = 16.0.29609.76
MinimumVisualStudioVersion = 10.0.40219.1
Project("{9A19103F-16F7-4668-BE54-9A1E7A4F7556}") = "TestBleems", "TestBleems.csproj", "{940AFF75-76D0-4CE9-B289-D3928EF8507C}"
EndProject
Project("{FAE04EC0-301F-11D3-BF4B-00C04F79EFBC}") = "BleemsWeb", "..\BleemsWeb\BleemsWeb.csproj", "{F346BDA0-E912-415F-BB54-C5291B9F06A8}"
EndProject
Global
	GlobalSection(SolutionConfigurationPlatforms) = preSolution
		Debug|Any CPU = Debug|Any CPU
		Release|Any CPU = Release|Any CPU
	EndGlobalSection
	GlobalSection(ProjectConfigurationPlatforms) = postSolution
		{940AFF75-76D0-4CE9-B289-D3928EF8507C}.Debug|Any CPU.ActiveCfg = Debug|Any CPU
		{940AFF75-76D0-4CE9-B289-D3928EF8507C}.Debug|Any CPU.Build.0 = Debug|Any CPU
		{940AFF75-76D0-4CE9-B289-D3928EF8507C}.Release|Any CPU.ActiveCfg = Release|Any CPU
		{940AFF75-76D0-4CE9-B289-D3928EF8507C}.Release|Any CPU.Build.0 = Release|Any CPU
		{F346BDA0-E912-415F-BB54-C5291B9F06A8}.Debug|Any CPU.ActiveCfg = Debug|Any CPU
		{F346BDA0-E912-415F-BB54-C5291B9F06A8}.Debug|Any CPU.Build.0 = Debug|Any CPU
		{F346BDA0-E912-415F-BB54-C5291B9F06A8}.Release|Any CPU.ActiveCfg = Release|Any CPU
		{F346BDA0-E912-415F-BB54-C5291B9F06A8}.Release|Any CPU.Build.0 = Release|Any CPU
	EndGlobalSection
	GlobalSection(SolutionProperties) = preSolution
		HideSolutionNode = FALSE
	EndGlobalSection
	GlobalSection(ExtensibilityGlobals) = postSolution
		SolutionGuid = {E6943305-8EF9-4C85-A532-39DC2CC47FF5}
	EndGlobalSection
EndGlobal
